
Microsoft Visual Studio Solution File, Format Version 12.00
# Visual Studio Version 17
VisualStudioVersion = 17.13.35806.99 d17.13
MinimumVisualStudioVersion = 10.0.40219.1
Project("{FAE04EC0-301F-11D3-BF4B-00C04F79EFBC}") = "YouTubeVideoDownloader", "YouTubeVideoDownloader\YouTubeVideoDownloader.csproj", "{41C58963-5DF9-4DD9-B315-AE5FC8D33E73}"
EndProject
Global
	GlobalSection(SolutionConfigurationPlatforms) = preSolution
		Debug|Any CPU = Debug|Any CPU
		Release|Any CPU = Release|Any CPU
	EndGlobalSection
	GlobalSection(ProjectConfigurationPlatforms) = postSolution
		{41C58963-5DF9-4DD9-B315-AE5FC8D33E73}.Debug|Any CPU.ActiveCfg = Debug|Any CPU
		{41C58963-5DF9-4DD9-B315-AE5FC8D33E73}.Debug|Any CPU.Build.0 = Debug|Any CPU
		{41C58963-5DF9-4DD9-B315-AE5FC8D33E73}.Release|Any CPU.ActiveCfg = Release|Any CPU
		{41C58963-5DF9-4DD9-B315-AE5FC8D33E73}.Release|Any CPU.Build.0 = Release|Any CPU
	EndGlobalSection
	GlobalSection(SolutionProperties) = preSolution
		HideSolutionNode = FALSE
	EndGlobalSection
	GlobalSection(ExtensibilityGlobals) = postSolution
		SolutionGuid = {1AADBC32-5BC3-47A0-BB49-77846CBFA215}
	EndGlobalSection
EndGlobal
